
Microsoft Visual Studio Solution File, Format Version 12.00
# Visual Studio 15
VisualStudioVersion = 15.0.26124.0
MinimumVisualStudioVersion = 15.0.26124.0
Project("{FAE04EC0-301F-11D3-BF4B-00C04F79EFBC}") = "BLL", "BLL\BLL.csproj", "{FC113CDF-6967-4259-B017-49E6E654759F}"
EndProject
Project("{FAE04EC0-301F-11D3-BF4B-00C04F79EFBC}") = "DAL", "DAL\DAL.csproj", "{274332F2-6274-4108-B7F0-675F37F5BCD2}"
EndProject
Project("{FAE04EC0-301F-11D3-BF4B-00C04F79EFBC}") = "PL", "PL\PL.csproj", "{7506A8F3-0659-4B25-98D0-4032C042A4D5}"
EndProject
Project("{FAE04EC0-301F-11D3-BF4B-00C04F79EFBC}") = "ToyStore.Tests", "ToyStore.Tests\ToyStore.Tests.csproj", "{4B5711FF-894A-4D6F-B28F-9E129DAC538E}"
EndProject
Global
	GlobalSection(SolutionConfigurationPlatforms) = preSolution
		Debug|Any CPU = Debug|Any CPU
		Debug|x64 = Debug|x64
		Debug|x86 = Debug|x86
		Release|Any CPU = Release|Any CPU
		Release|x64 = Release|x64
		Release|x86 = Release|x86
	EndGlobalSection
	GlobalSection(SolutionProperties) = preSolution
		HideSolutionNode = FALSE
	EndGlobalSection
	GlobalSection(ProjectConfigurationPlatforms) = postSolution
		{FC113CDF-6967-4259-B017-49E6E654759F}.Debug|Any CPU.ActiveCfg = Debug|Any CPU
		{FC113CDF-6967-4259-B017-49E6E654759F}.Debug|Any CPU.Build.0 = Debug|Any CPU
		{FC113CDF-6967-4259-B017-49E6E654759F}.Debug|x64.ActiveCfg = Debug|Any CPU
		{FC113CDF-6967-4259-B017-49E6E654759F}.Debug|x64.Build.0 = Debug|Any CPU
		{FC113CDF-6967-4259-B017-49E6E654759F}.Debug|x86.ActiveCfg = Debug|Any CPU
		{FC113CDF-6967-4259-B017-49E6E654759F}.Debug|x86.Build.0 = Debug|Any CPU
		{FC113CDF-6967-4259-B017-49E6E654759F}.Release|Any CPU.ActiveCfg = Release|Any CPU
		{FC113CDF-6967-4259-B017-49E6E654759F}.Release|Any CPU.Build.0 = Release|Any CPU
		{FC113CDF-6967-4259-B017-49E6E654759F}.Release|x64.ActiveCfg = Release|Any CPU
		{FC113CDF-6967-4259-B017-49E6E654759F}.Release|x64.Build.0 = Release|Any CPU
		{FC113CDF-6967-4259-B017-49E6E654759F}.Release|x86.ActiveCfg = Release|Any CPU
		{FC113CDF-6967-4259-B017-49E6E654759F}.Release|x86.Build.0 = Release|Any CPU
		{274332F2-6274-4108-B7F0-675F37F5BCD2}.Debug|Any CPU.ActiveCfg = Debug|Any CPU
		{274332F2-6274-4108-B7F0-675F37F5BCD2}.Debug|Any CPU.Build.0 = Debug|Any CPU
		{274332F2-6274-4108-B7F0-675F37F5BCD2}.Debug|x64.ActiveCfg = Debug|Any CPU
		{274332F2-6274-4108-B7F0-675F37F5BCD2}.Debug|x64.Build.0 = Debug|Any CPU
		{274332F2-6274-4108-B7F0-675F37F5BCD2}.Debug|x86.ActiveCfg = Debug|Any CPU
		{274332F2-6274-4108-B7F0-675F37F5BCD2}.Debug|x86.Build.0 = Debug|Any CPU
		{274332F2-6274-4108-B7F0-675F37F5BCD2}.Release|Any CPU.ActiveCfg = Release|Any CPU
		{274332F2-6274-4108-B7F0-675F37F5BCD2}.Release|Any CPU.Build.0 = Release|Any CPU
		{274332F2-6274-4108-B7F0-675F37F5BCD2}.Release|x64.ActiveCfg = Release|Any CPU
		{274332F2-6274-4108-B7F0-675F37F5BCD2}.Release|x64.Build.0 = Release|Any CPU
		{274332F2-6274-4108-B7F0-675F37F5BCD2}.Release|x86.ActiveCfg = Release|Any CPU
		{274332F2-6274-4108-B7F0-675F37F5BCD2}.Release|x86.Build.0 = Release|Any CPU
		{7506A8F3-0659-4B25-98D0-4032C042A4D5}.Debug|Any CPU.ActiveCfg = Debug|Any CPU
		{7506A8F3-0659-4B25-98D0-4032C042A4D5}.Debug|Any CPU.Build.0 = Debug|Any CPU
		{7506A8F3-0659-4B25-98D0-4032C042A4D5}.Debug|x64.ActiveCfg = Debug|Any CPU
		{7506A8F3-0659-4B25-98D0-4032C042A4D5}.Debug|x64.Build.0 = Debug|Any CPU
		{7506A8F3-0659-4B25-98D0-4032C042A4D5}.Debug|x86.ActiveCfg = Debug|Any CPU
		{7506A8F3-0659-4B25-98D0-4032C042A4D5}.Debug|x86.Build.0 = Debug|Any CPU
		{7506A8F3-0659-4B25-98D0-4032C042A4D5}.Release|Any CPU.ActiveCfg = Release|Any CPU
		{7506A8F3-0659-4B25-98D0-4032C042A4D5}.Release|Any CPU.Build.0 = Release|Any CPU
		{7506A8F3-0659-4B25-98D0-4032C042A4D5}.Release|x64.ActiveCfg = Release|Any CPU
		{7506A8F3-0659-4B25-98D0-4032C042A4D5}.Release|x64.Build.0 = Release|Any CPU
		{7506A8F3-0659-4B25-98D0-4032C042A4D5}.Release|x86.ActiveCfg = Release|Any CPU
		{7506A8F3-0659-4B25-98D0-4032C042A4D5}.Release|x86.Build.0 = Release|Any CPU
		{4B5711FF-894A-4D6F-B28F-9E129DAC538E}.Debug|Any CPU.ActiveCfg = Debug|Any CPU
		{4B5711FF-894A-4D6F-B28F-9E129DAC538E}.Debug|Any CPU.Build.0 = Debug|Any CPU
		{4B5711FF-894A-4D6F-B28F-9E129DAC538E}.Debug|x64.ActiveCfg = Debug|Any CPU
		{4B5711FF-894A-4D6F-B28F-9E129DAC538E}.Debug|x64.Build.0 = Debug|Any CPU
		{4B5711FF-894A-4D6F-B28F-9E129DAC538E}.Debug|x86.ActiveCfg = Debug|Any CPU
		{4B5711FF-894A-4D6F-B28F-9E129DAC538E}.Debug|x86.Build.0 = Debug|Any CPU
		{4B5711FF-894A-4D6F-B28F-9E129DAC538E}.Release|Any CPU.ActiveCfg = Release|Any CPU
		{4B5711FF-894A-4D6F-B28F-9E129DAC538E}.Release|Any CPU.Build.0 = Release|Any CPU
		{4B5711FF-894A-4D6F-B28F-9E129DAC538E}.Release|x64.ActiveCfg = Release|Any CPU
		{4B5711FF-894A-4D6F-B28F-9E129DAC538E}.Release|x64.Build.0 = Release|Any CPU
		{4B5711FF-894A-4D6F-B28F-9E129DAC538E}.Release|x86.ActiveCfg = Release|Any CPU
		{4B5711FF-894A-4D6F-B28F-9E129DAC538E}.Release|x86.Build.0 = Release|Any CPU
	EndGlobalSection
EndGlobal
